
Microsoft Visual Studio Solution File, Format Version 12.00
# Visual Studio Version 17
VisualStudioVersion = 17.5.33424.131
MinimumVisualStudioVersion = 10.0.40219.1
Project("{FAE04EC0-301F-11D3-BF4B-00C04F79EFBC}") = "OPP", "OPP\OPP.csproj", "{8AEAB0D8-040A-46E3-B66D-1AA0F60686E4}"
EndProject
Global
	GlobalSection(SolutionConfigurationPlatforms) = preSolution
		Debug|Any CPU = Debug|Any CPU
		Release|Any CPU = Release|Any CPU
	EndGlobalSection
	GlobalSection(ProjectConfigurationPlatforms) = postSolution
		{8AEAB0D8-040A-46E3-B66D-1AA0F60686E4}.Debug|Any CPU.ActiveCfg = Debug|Any CPU
		{8AEAB0D8-040A-46E3-B66D-1AA0F60686E4}.Debug|Any CPU.Build.0 = Debug|Any CPU
		{8AEAB0D8-040A-46E3-B66D-1AA0F60686E4}.Release|Any CPU.ActiveCfg = Release|Any CPU
		{8AEAB0D8-040A-46E3-B66D-1AA0F60686E4}.Release|Any CPU.Build.0 = Release|Any CPU
	EndGlobalSection
	GlobalSection(SolutionProperties) = preSolution
		HideSolutionNode = FALSE
	EndGlobalSection
	GlobalSection(ExtensibilityGlobals) = postSolution
		SolutionGuid = {FDF075EF-8798-44C8-900D-EB0DDC4429D5}
	EndGlobalSection
EndGlobal
